
Microsoft Visual Studio Solution File, Format Version 12.00
# Visual Studio 15
VisualStudioVersion = 15.0.27703.2000
MinimumVisualStudioVersion = 10.0.40219.1
Project("{FAE04EC0-301F-11D3-BF4B-00C04F79EFBC}") = "clonedb", "clonedb.csproj", "{A7158CEE-5CD8-424F-B092-BAB8355E785F}"
EndProject
Global
	GlobalSection(SolutionConfigurationPlatforms) = preSolution
		Debug|Any CPU = Debug|Any CPU
		Release|Any CPU = Release|Any CPU
	EndGlobalSection
	GlobalSection(ProjectConfigurationPlatforms) = postSolution
		{A7158CEE-5CD8-424F-B092-BAB8355E785F}.Debug|Any CPU.ActiveCfg = Debug|Any CPU
		{A7158CEE-5CD8-424F-B092-BAB8355E785F}.Debug|Any CPU.Build.0 = Debug|Any CPU
		{A7158CEE-5CD8-424F-B092-BAB8355E785F}.Release|Any CPU.ActiveCfg = Release|Any CPU
		{A7158CEE-5CD8-424F-B092-BAB8355E785F}.Release|Any CPU.Build.0 = Release|Any CPU
	EndGlobalSection
	GlobalSection(SolutionProperties) = preSolution
		HideSolutionNode = FALSE
	EndGlobalSection
	GlobalSection(ExtensibilityGlobals) = postSolution
		SolutionGuid = {0B65E1EB-7E3A-4714-9B67-79C4538B1E90}
	EndGlobalSection
EndGlobal
